
Microsoft Visual Studio Solution File, Format Version 12.00
# Visual Studio 15
VisualStudioVersion = 15.0.28307.1500
MinimumVisualStudioVersion = 10.0.40219.1
Project("{FAE04EC0-301F-11D3-BF4B-00C04F79EFBC}") = "StoreFrontMVC.UI", "StoreFrontMVC.UI\StoreFrontMVC.UI.csproj", "{D44A96C4-6AFE-4D07-8FE6-0735AEFAE010}"
EndProject
Project("{2150E333-8FDC-42A3-9474-1A3956D46DE8}") = "Solution Items", "Solution Items", "{76C9E9A4-FF1C-4179-9F46-582FA04D192D}"
	ProjectSection(SolutionItems) = preProject
		.gitignore = .gitignore
	EndProjectSection
EndProject
Global
	GlobalSection(SolutionConfigurationPlatforms) = preSolution
		Debug|Any CPU = Debug|Any CPU
		Release|Any CPU = Release|Any CPU
	EndGlobalSection
	GlobalSection(ProjectConfigurationPlatforms) = postSolution
		{D44A96C4-6AFE-4D07-8FE6-0735AEFAE010}.Debug|Any CPU.ActiveCfg = Debug|Any CPU
		{D44A96C4-6AFE-4D07-8FE6-0735AEFAE010}.Debug|Any CPU.Build.0 = Debug|Any CPU
		{D44A96C4-6AFE-4D07-8FE6-0735AEFAE010}.Release|Any CPU.ActiveCfg = Release|Any CPU
		{D44A96C4-6AFE-4D07-8FE6-0735AEFAE010}.Release|Any CPU.Build.0 = Release|Any CPU
	EndGlobalSection
	GlobalSection(SolutionProperties) = preSolution
		HideSolutionNode = FALSE
	EndGlobalSection
	GlobalSection(ExtensibilityGlobals) = postSolution
		SolutionGuid = {85A6F22B-7765-4833-B013-D2F396D3B6EC}
	EndGlobalSection
EndGlobal
